{
  "name": "您的项目目录路径",
  "lockfileVersion": 3,
  "requires": true,
  "packages": {
    "": {
      "dependencies": {
        "personal-portfolio": "file:.."
      }
    },
    "..": {
      "name": "personal-portfolio",
      "version": "0.1.0",
      "dependencies": {
        "@types/node": "^20.0.0",
        "@types/react": "^18.2.0",
        "@types/react-dom": "^18.2.0",
        "autoprefixer": "^10.4.0",
        "eslint": "^8.0.0",
        "eslint-config-next": "^14.0.0",
        "framer-motion": "^10.16.0",
        "graphql": "^16.8.0",
        "graphql-request": "^6.1.0",
        "next": "^14.0.0",
        "postcss": "^8.4.0",
        "react": "^18.2.0",
        "react-dom": "^18.2.0",
        "sass": "^1.69.0",
        "tailwindcss": "^3.3.0",
        "typescript": "^5.2.0",
        "zustand": "^4.4.0"
      }
    },
    "node_modules/personal-portfolio": {
      "resolved": "..",
      "link": true
    }
  }
}
